
Microsoft Visual Studio Solution File, Format Version 12.00
# Visual Studio Version 17
VisualStudioVersion = 17.2.32519.379
MinimumVisualStudioVersion = 10.0.40219.1
Project("{FAE04EC0-301F-11D3-BF4B-00C04F79EFBC}") = "BeyondRevit", "BeyondRevit.csproj", "{BEE894B4-6866-4FCE-AE1E-BFBBC990AE57}"
EndProject
Global
	GlobalSection(SolutionConfigurationPlatforms) = preSolution
		Debug|Any CPU = Debug|Any CPU
		Release|Any CPU = Release|Any CPU
	EndGlobalSection
	GlobalSection(ProjectConfigurationPlatforms) = postSolution
		{BEE894B4-6866-4FCE-AE1E-BFBBC990AE57}.Debug|Any CPU.ActiveCfg = Debug|Any CPU
		{BEE894B4-6866-4FCE-AE1E-BFBBC990AE57}.Debug|Any CPU.Build.0 = Debug|Any CPU
		{BEE894B4-6866-4FCE-AE1E-BFBBC990AE57}.Release|Any CPU.ActiveCfg = Release|Any CPU
		{BEE894B4-6866-4FCE-AE1E-BFBBC990AE57}.Release|Any CPU.Build.0 = Release|Any CPU
	EndGlobalSection
	GlobalSection(SolutionProperties) = preSolution
		HideSolutionNode = FALSE
	EndGlobalSection
	GlobalSection(ExtensibilityGlobals) = postSolution
		SolutionGuid = {48E54C79-64B6-45A8-922E-15CB8682D5EE}
	EndGlobalSection
EndGlobal
