
Microsoft Visual Studio Solution File, Format Version 12.00
# Visual Studio Version 17
VisualStudioVersion = 17.2.32519.379
MinimumVisualStudioVersion = 10.0.40219.1
Project("{D954291E-2A0B-460D-934E-DC6B0785DB48}") = "BeyondRevit", "BeyondRevit.shproj", "{BB8810FC-D617-413F-911D-D9A8C2658678}"
EndProject
Project("{FAE04EC0-301F-11D3-BF4B-00C04F79EFBC}") = "BeyondRevit2021", "..\BeyondRevit2021\BeyondRevit2021.csproj", "{8A8FE229-C088-431A-A14D-C2C589D9C743}"
EndProject
Project("{FAE04EC0-301F-11D3-BF4B-00C04F79EFBC}") = "BeyondRevit2022", "..\BeyondRevit2022\BeyondRevit2022.csproj", "{5C1D44EE-32E0-4B2F-886A-33CF32265ECF}"
EndProject
Project("{FAE04EC0-301F-11D3-BF4B-00C04F79EFBC}") = "BeyondRevit2023", "..\BeyondRevit2023\BeyondRevit2023.csproj", "{A527A396-B4DA-4D71-B38A-43380EE78EC9}"
EndProject
Project("{FAE04EC0-301F-11D3-BF4B-00C04F79EFBC}") = "BeyondRevit2024", "..\BeyondRevit2024\BeyondRevit2024.csproj", "{139F7309-6C29-4B3C-A310-F8A8B1F86F96}"
EndProject
Project("{FAE04EC0-301F-11D3-BF4B-00C04F79EFBC}") = "BeyondRevitInstaller", "..\BeyondRevitInstaller\BeyondRevitInstaller.csproj", "{FF5F66F1-FF7F-426A-90D7-356D7A4190D5}"
EndProject
Global
	GlobalSection(SolutionConfigurationPlatforms) = preSolution
		BeyondRevit|Any CPU = BeyondRevit|Any CPU
		Debug|Any CPU = Debug|Any CPU
		Release|Any CPU = Release|Any CPU
	EndGlobalSection
	GlobalSection(ProjectConfigurationPlatforms) = postSolution
		{8A8FE229-C088-431A-A14D-C2C589D9C743}.BeyondRevit|Any CPU.ActiveCfg = Revit2021|Any CPU
		{8A8FE229-C088-431A-A14D-C2C589D9C743}.BeyondRevit|Any CPU.Build.0 = Revit2021|Any CPU
		{8A8FE229-C088-431A-A14D-C2C589D9C743}.Debug|Any CPU.ActiveCfg = Revit2021|Any CPU
		{8A8FE229-C088-431A-A14D-C2C589D9C743}.Debug|Any CPU.Build.0 = Revit2021|Any CPU
		{8A8FE229-C088-431A-A14D-C2C589D9C743}.Release|Any CPU.ActiveCfg = Revit2021|Any CPU
		{8A8FE229-C088-431A-A14D-C2C589D9C743}.Release|Any CPU.Build.0 = Revit2021|Any CPU
		{5C1D44EE-32E0-4B2F-886A-33CF32265ECF}.BeyondRevit|Any CPU.ActiveCfg = Revit2022|Any CPU
		{5C1D44EE-32E0-4B2F-886A-33CF32265ECF}.BeyondRevit|Any CPU.Build.0 = Revit2022|Any CPU
		{5C1D44EE-32E0-4B2F-886A-33CF32265ECF}.Debug|Any CPU.ActiveCfg = Revit2022|Any CPU
		{5C1D44EE-32E0-4B2F-886A-33CF32265ECF}.Debug|Any CPU.Build.0 = Revit2022|Any CPU
		{5C1D44EE-32E0-4B2F-886A-33CF32265ECF}.Release|Any CPU.ActiveCfg = Revit2022|Any CPU
		{5C1D44EE-32E0-4B2F-886A-33CF32265ECF}.Release|Any CPU.Build.0 = Revit2022|Any CPU
		{A527A396-B4DA-4D71-B38A-43380EE78EC9}.BeyondRevit|Any CPU.ActiveCfg = Revit2023|Any CPU
		{A527A396-B4DA-4D71-B38A-43380EE78EC9}.BeyondRevit|Any CPU.Build.0 = Revit2023|Any CPU
		{A527A396-B4DA-4D71-B38A-43380EE78EC9}.Debug|Any CPU.ActiveCfg = Revit2023|Any CPU
		{A527A396-B4DA-4D71-B38A-43380EE78EC9}.Debug|Any CPU.Build.0 = Revit2023|Any CPU
		{A527A396-B4DA-4D71-B38A-43380EE78EC9}.Release|Any CPU.ActiveCfg = Revit2023|Any CPU
		{A527A396-B4DA-4D71-B38A-43380EE78EC9}.Release|Any CPU.Build.0 = Revit2023|Any CPU
		{139F7309-6C29-4B3C-A310-F8A8B1F86F96}.BeyondRevit|Any CPU.ActiveCfg = Revit2024|Any CPU
		{139F7309-6C29-4B3C-A310-F8A8B1F86F96}.BeyondRevit|Any CPU.Build.0 = Revit2024|Any CPU
		{139F7309-6C29-4B3C-A310-F8A8B1F86F96}.Debug|Any CPU.ActiveCfg = Revit2024|Any CPU
		{139F7309-6C29-4B3C-A310-F8A8B1F86F96}.Debug|Any CPU.Build.0 = Revit2024|Any CPU
		{139F7309-6C29-4B3C-A310-F8A8B1F86F96}.Release|Any CPU.ActiveCfg = Revit2024|Any CPU
		{139F7309-6C29-4B3C-A310-F8A8B1F86F96}.Release|Any CPU.Build.0 = Revit2024|Any CPU
		{FF5F66F1-FF7F-426A-90D7-356D7A4190D5}.BeyondRevit|Any CPU.ActiveCfg = BeyondRevitInstaller|Any CPU
		{FF5F66F1-FF7F-426A-90D7-356D7A4190D5}.BeyondRevit|Any CPU.Build.0 = BeyondRevitInstaller|Any CPU
		{FF5F66F1-FF7F-426A-90D7-356D7A4190D5}.Debug|Any CPU.ActiveCfg = BeyondRevitInstaller|Any CPU
		{FF5F66F1-FF7F-426A-90D7-356D7A4190D5}.Release|Any CPU.ActiveCfg = BeyondRevitInstaller|Any CPU
		{FF5F66F1-FF7F-426A-90D7-356D7A4190D5}.Release|Any CPU.Build.0 = BeyondRevitInstaller|Any CPU
	EndGlobalSection
	GlobalSection(SolutionProperties) = preSolution
		HideSolutionNode = FALSE
	EndGlobalSection
	GlobalSection(ExtensibilityGlobals) = postSolution
		SolutionGuid = {B158D4A9-22FC-4D05-AD17-D487FBD77CF2}
	EndGlobalSection
	GlobalSection(SharedMSBuildProjectFiles) = preSolution
		BeyondRevit.projitems*{139f7309-6c29-4b3c-a310-f8a8b1f86f96}*SharedItemsImports = 4
		BeyondRevit.projitems*{5c1d44ee-32e0-4b2f-886a-33cf32265ecf}*SharedItemsImports = 4
		BeyondRevit.projitems*{8a8fe229-c088-431a-a14d-c2c589d9c743}*SharedItemsImports = 4
		BeyondRevit.projitems*{a527a396-b4da-4d71-b38a-43380ee78ec9}*SharedItemsImports = 4
		BeyondRevit.projitems*{bb8810fc-d617-413f-911d-d9a8c2658678}*SharedItemsImports = 13
	EndGlobalSection
EndGlobal
